
Microsoft Visual Studio Solution File, Format Version 12.00
Project("{FAE04EC0-301F-11D3-BF4B-00C04F79EFBC}") = "AegisCryptographer", "AegisCryptographer\AegisCryptographer.csproj", "{22EDA7DE-C527-44F4-934D-5288B463EB7E}"
EndProject
Project("{FAE04EC0-301F-11D3-BF4B-00C04F79EFBC}") = "AegisCryptographer.Tests", "AegisCryptographer.Tests\AegisCryptographer.Tests.csproj", "{C079139D-CA71-468C-BBC5-0C8579B3AA6C}"
EndProject
Global
	GlobalSection(SolutionConfigurationPlatforms) = preSolution
		Debug|Any CPU = Debug|Any CPU
		Release|Any CPU = Release|Any CPU
	EndGlobalSection
	GlobalSection(ProjectConfigurationPlatforms) = postSolution
		{22EDA7DE-C527-44F4-934D-5288B463EB7E}.Debug|Any CPU.ActiveCfg = Debug|Any CPU
		{22EDA7DE-C527-44F4-934D-5288B463EB7E}.Debug|Any CPU.Build.0 = Debug|Any CPU
		{22EDA7DE-C527-44F4-934D-5288B463EB7E}.Release|Any CPU.ActiveCfg = Release|Any CPU
		{22EDA7DE-C527-44F4-934D-5288B463EB7E}.Release|Any CPU.Build.0 = Release|Any CPU
		{C079139D-CA71-468C-BBC5-0C8579B3AA6C}.Debug|Any CPU.ActiveCfg = Debug|Any CPU
		{C079139D-CA71-468C-BBC5-0C8579B3AA6C}.Debug|Any CPU.Build.0 = Debug|Any CPU
		{C079139D-CA71-468C-BBC5-0C8579B3AA6C}.Release|Any CPU.ActiveCfg = Release|Any CPU
		{C079139D-CA71-468C-BBC5-0C8579B3AA6C}.Release|Any CPU.Build.0 = Release|Any CPU
	EndGlobalSection
EndGlobal
